
Microsoft Visual Studio Solution File, Format Version 12.00
# Visual Studio 15
VisualStudioVersion = 15.0.28307.705
MinimumVisualStudioVersion = 10.0.40219.1
Project("{E53339B2-1760-4266-BCC7-CA923CBCF16C}") = "docker-compose", "src\docker-compose.dcproj", "{E3743858-1254-4C3A-B800-07F8C1A7D6B0}"
EndProject
Project("{2150E333-8FDC-42A3-9474-1A3956D46DE8}") = "Services", "src\Services", "{04542065-3A8C-402F-BA44-1AD973E76F43}"
EndProject
Project("{2150E333-8FDC-42A3-9474-1A3956D46DE8}") = "Gateway", "src\Gateway", "{A105EE23-D18A-4659-966C-2842008D2583}"
EndProject
Project("{2150E333-8FDC-42A3-9474-1A3956D46DE8}") = "Base", "src\Base", "{F386C376-B144-468B-BBAB-A651CDA14341}"
EndProject
Project("{9A19103F-16F7-4668-BE54-9A1E7A4F7556}") = "Gateway.Api.Ocelot", "src\Gateway\Gateway.Api.Ocelot\Gateway.Api.Ocelot.csproj", "{74160B9B-B9F3-4712-AB32-BF08C24A4CDF}"
EndProject
Project("{9A19103F-16F7-4668-BE54-9A1E7A4F7556}") = "Service.Common", "src\Services\Service.Common\Service.Common.csproj", "{9E4A3F87-6A9D-4E3B-A270-CE9E81E5B510}"
EndProject
Project("{9A19103F-16F7-4668-BE54-9A1E7A4F7556}") = "Clients.Api", "src\Services\Clients.Api\Clients.Api.csproj", "{DDE1F9D5-52AB-4EE4-AC67-09EE78BA10CD}"
EndProject
Project("{9A19103F-16F7-4668-BE54-9A1E7A4F7556}") = "Games.Api", "src\Services\Games.Api\Games.Api.csproj", "{8725CE84-D3A5-4DC6-ABD3-7BCCA3E6F89B}"
EndProject
Project("{9A19103F-16F7-4668-BE54-9A1E7A4F7556}") = "Rentals.Api", "src\Services\Rentals.Api\Rentals.Api.csproj", "{DB0D1DDB-299E-46AD-8D2A-9324679ECB03}"
EndProject
Project("{2150E333-8FDC-42A3-9474-1A3956D46DE8}") = "Base", "Base", "{2DD276BF-8C18-40EE-A86F-1F54EC2C93AE}"
EndProject
Project("{9A19103F-16F7-4668-BE54-9A1E7A4F7556}") = "Base.Configuration", "src\Base\Base.Configuration\Base.Configuration.csproj", "{B7A96249-8FA9-45BF-9AC5-40869EC3EDF3}"
EndProject
Project("{2150E333-8FDC-42A3-9474-1A3956D46DE8}") = "Solution Items", "Solution Items", "{0CFC9432-A810-4AB8-8E07-7231F8B19BE7}"
	ProjectSection(SolutionItems) = preProject
		README.md = README.md
	EndProjectSection
EndProject
Project("{2150E333-8FDC-42A3-9474-1A3956D46DE8}") = "Web", "Web", "{B91BE785-E103-46B5-B6E3-2064D9C0AA02}"
EndProject
Project("{FAE04EC0-301F-11D3-BF4B-00C04F79EFBC}") = "Web.Mvc", "Web\Web.Mvc\Web.Mvc.csproj", "{C921A0EA-FC6D-4DD4-B88D-C046EBA2C688}"
EndProject
Project("{FAE04EC0-301F-11D3-BF4B-00C04F79EFBC}") = "Base.RabbitMq", "Base\Base.RabbitMq\Base.RabbitMq.csproj", "{7110E719-6A2B-4046-AEFE-330A95DB66C6}"
EndProject
Global
	GlobalSection(SolutionConfigurationPlatforms) = preSolution
		Debug|Any CPU = Debug|Any CPU
		Release|Any CPU = Release|Any CPU
	EndGlobalSection
	GlobalSection(ProjectConfigurationPlatforms) = postSolution
		{E3743858-1254-4C3A-B800-07F8C1A7D6B0}.Debug|Any CPU.ActiveCfg = Debug|Any CPU
		{E3743858-1254-4C3A-B800-07F8C1A7D6B0}.Debug|Any CPU.Build.0 = Debug|Any CPU
		{E3743858-1254-4C3A-B800-07F8C1A7D6B0}.Release|Any CPU.ActiveCfg = Release|Any CPU
		{E3743858-1254-4C3A-B800-07F8C1A7D6B0}.Release|Any CPU.Build.0 = Release|Any CPU
		{9E4A3F87-6A9D-4E3B-A270-CE9E81E5B510}.Debug|Any CPU.ActiveCfg = Debug|Any CPU
		{9E4A3F87-6A9D-4E3B-A270-CE9E81E5B510}.Debug|Any CPU.Build.0 = Debug|Any CPU
		{9E4A3F87-6A9D-4E3B-A270-CE9E81E5B510}.Release|Any CPU.ActiveCfg = Release|Any CPU
		{9E4A3F87-6A9D-4E3B-A270-CE9E81E5B510}.Release|Any CPU.Build.0 = Release|Any CPU
		{DDE1F9D5-52AB-4EE4-AC67-09EE78BA10CD}.Debug|Any CPU.ActiveCfg = Debug|Any CPU
		{DDE1F9D5-52AB-4EE4-AC67-09EE78BA10CD}.Debug|Any CPU.Build.0 = Debug|Any CPU
		{DDE1F9D5-52AB-4EE4-AC67-09EE78BA10CD}.Release|Any CPU.ActiveCfg = Release|Any CPU
		{DDE1F9D5-52AB-4EE4-AC67-09EE78BA10CD}.Release|Any CPU.Build.0 = Release|Any CPU
		{8725CE84-D3A5-4DC6-ABD3-7BCCA3E6F89B}.Debug|Any CPU.ActiveCfg = Debug|Any CPU
		{8725CE84-D3A5-4DC6-ABD3-7BCCA3E6F89B}.Debug|Any CPU.Build.0 = Debug|Any CPU
		{8725CE84-D3A5-4DC6-ABD3-7BCCA3E6F89B}.Release|Any CPU.ActiveCfg = Release|Any CPU
		{8725CE84-D3A5-4DC6-ABD3-7BCCA3E6F89B}.Release|Any CPU.Build.0 = Release|Any CPU
		{DB0D1DDB-299E-46AD-8D2A-9324679ECB03}.Debug|Any CPU.ActiveCfg = Debug|Any CPU
		{DB0D1DDB-299E-46AD-8D2A-9324679ECB03}.Debug|Any CPU.Build.0 = Debug|Any CPU
		{DB0D1DDB-299E-46AD-8D2A-9324679ECB03}.Release|Any CPU.ActiveCfg = Release|Any CPU
		{DB0D1DDB-299E-46AD-8D2A-9324679ECB03}.Release|Any CPU.Build.0 = Release|Any CPU
		{B7A96249-8FA9-45BF-9AC5-40869EC3EDF3}.Debug|Any CPU.ActiveCfg = Debug|Any CPU
		{B7A96249-8FA9-45BF-9AC5-40869EC3EDF3}.Debug|Any CPU.Build.0 = Debug|Any CPU
		{B7A96249-8FA9-45BF-9AC5-40869EC3EDF3}.Release|Any CPU.ActiveCfg = Release|Any CPU
		{B7A96249-8FA9-45BF-9AC5-40869EC3EDF3}.Release|Any CPU.Build.0 = Release|Any CPU
		{C921A0EA-FC6D-4DD4-B88D-C046EBA2C688}.Debug|Any CPU.ActiveCfg = Debug|Any CPU
		{C921A0EA-FC6D-4DD4-B88D-C046EBA2C688}.Debug|Any CPU.Build.0 = Debug|Any CPU
		{C921A0EA-FC6D-4DD4-B88D-C046EBA2C688}.Release|Any CPU.ActiveCfg = Release|Any CPU
		{C921A0EA-FC6D-4DD4-B88D-C046EBA2C688}.Release|Any CPU.Build.0 = Release|Any CPU
		{7110E719-6A2B-4046-AEFE-330A95DB66C6}.Debug|Any CPU.ActiveCfg = Debug|Any CPU
		{7110E719-6A2B-4046-AEFE-330A95DB66C6}.Debug|Any CPU.Build.0 = Debug|Any CPU
		{7110E719-6A2B-4046-AEFE-330A95DB66C6}.Release|Any CPU.ActiveCfg = Release|Any CPU
		{7110E719-6A2B-4046-AEFE-330A95DB66C6}.Release|Any CPU.Build.0 = Release|Any CPU
	EndGlobalSection
	GlobalSection(SolutionProperties) = preSolution
		HideSolutionNode = FALSE
	EndGlobalSection
	GlobalSection(NestedProjects) = preSolution
		{F386C376-B144-468B-BBAB-A651CDA14341} = {04542065-3A8C-402F-BA44-1AD973E76F43}
		{9E4A3F87-6A9D-4E3B-A270-CE9E81E5B510} = {F386C376-B144-468B-BBAB-A651CDA14341}
		{DDE1F9D5-52AB-4EE4-AC67-09EE78BA10CD} = {04542065-3A8C-402F-BA44-1AD973E76F43}
		{8725CE84-D3A5-4DC6-ABD3-7BCCA3E6F89B} = {04542065-3A8C-402F-BA44-1AD973E76F43}
		{DB0D1DDB-299E-46AD-8D2A-9324679ECB03} = {04542065-3A8C-402F-BA44-1AD973E76F43}
		{B7A96249-8FA9-45BF-9AC5-40869EC3EDF3} = {2DD276BF-8C18-40EE-A86F-1F54EC2C93AE}
		{C921A0EA-FC6D-4DD4-B88D-C046EBA2C688} = {B91BE785-E103-46B5-B6E3-2064D9C0AA02}
		{7110E719-6A2B-4046-AEFE-330A95DB66C6} = {2DD276BF-8C18-40EE-A86F-1F54EC2C93AE}
	EndGlobalSection
	GlobalSection(ExtensibilityGlobals) = postSolution
		SolutionGuid = {665BD488-2BA0-4DDA-AB5A-BA4C12574A89}
	EndGlobalSection
EndGlobal
