
Microsoft Visual Studio Solution File, Format Version 12.00
# Visual Studio 15
VisualStudioVersion = 15.0.28307.168
MinimumVisualStudioVersion = 10.0.40219.1
Project("{FAE04EC0-301F-11D3-BF4B-00C04F79EFBC}") = "BoardGameRentalApp.Web", "BoardGameRentalApp.Web\BoardGameRentalApp.Web.csproj", "{D10CDAB2-6E93-4CEE-82DD-15BD053EE39E}"
EndProject
Global
	GlobalSection(SolutionConfigurationPlatforms) = preSolution
		Debug|Any CPU = Debug|Any CPU
		Release|Any CPU = Release|Any CPU
	EndGlobalSection
	GlobalSection(ProjectConfigurationPlatforms) = postSolution
		{D10CDAB2-6E93-4CEE-82DD-15BD053EE39E}.Debug|Any CPU.ActiveCfg = Debug|Any CPU
		{D10CDAB2-6E93-4CEE-82DD-15BD053EE39E}.Debug|Any CPU.Build.0 = Debug|Any CPU
		{D10CDAB2-6E93-4CEE-82DD-15BD053EE39E}.Release|Any CPU.ActiveCfg = Release|Any CPU
		{D10CDAB2-6E93-4CEE-82DD-15BD053EE39E}.Release|Any CPU.Build.0 = Release|Any CPU
	EndGlobalSection
	GlobalSection(SolutionProperties) = preSolution
		HideSolutionNode = FALSE
	EndGlobalSection
	GlobalSection(ExtensibilityGlobals) = postSolution
		SolutionGuid = {2F660257-2C65-4E9E-8791-F9A5EBA6FE0A}
	EndGlobalSection
EndGlobal
