
Microsoft Visual Studio Solution File, Format Version 12.00
# Visual Studio 15
VisualStudioVersion = 15.0.28307.705
MinimumVisualStudioVersion = 10.0.40219.1
Project("{E53339B2-1760-4266-BCC7-CA923CBCF16C}") = "docker-compose", "docker-compose.dcproj", "{E3743858-1254-4C3A-B800-07F8C1A7D6B0}"
EndProject
Project("{2150E333-8FDC-42A3-9474-1A3956D46DE8}") = "Services", "Services", "{04542065-3A8C-402F-BA44-1AD973E76F43}"
EndProject
Project("{2150E333-8FDC-42A3-9474-1A3956D46DE8}") = "Gateway", "Gateway", "{A105EE23-D18A-4659-966C-2842008D2583}"
EndProject
Project("{2150E333-8FDC-42A3-9474-1A3956D46DE8}") = "Base", "Base", "{F386C376-B144-468B-BBAB-A651CDA14341}"
EndProject
Project("{9A19103F-16F7-4668-BE54-9A1E7A4F7556}") = "Gateway.Api.Ocelot", "Gateway\Gateway.Api.Ocelot\Gateway.Api.Ocelot.csproj", "{74160B9B-B9F3-4712-AB32-BF08C24A4CDF}"
EndProject
Project("{9A19103F-16F7-4668-BE54-9A1E7A4F7556}") = "Service.Common", "Services\Service.Common\Service.Common.csproj", "{9E4A3F87-6A9D-4E3B-A270-CE9E81E5B510}"
EndProject
Project("{9A19103F-16F7-4668-BE54-9A1E7A4F7556}") = "Clients.Api", "Services\Clients.Api\Clients.Api.csproj", "{DDE1F9D5-52AB-4EE4-AC67-09EE78BA10CD}"
EndProject
Project("{9A19103F-16F7-4668-BE54-9A1E7A4F7556}") = "Games.Api", "Services\Games.Api\Games.Api.csproj", "{8725CE84-D3A5-4DC6-ABD3-7BCCA3E6F89B}"
EndProject
Project("{9A19103F-16F7-4668-BE54-9A1E7A4F7556}") = "Rentals.Api", "Services\Rentals.Api\Rentals.Api.csproj", "{DB0D1DDB-299E-46AD-8D2A-9324679ECB03}"
EndProject
Project("{2150E333-8FDC-42A3-9474-1A3956D46DE8}") = "Web", "Web", "{8A40C80E-924C-4951-8046-A06ECADDD8D7}"
EndProject
Project("{9A19103F-16F7-4668-BE54-9A1E7A4F7556}") = "Rental.Web", "Web\Rental.Web\Rental.Web.csproj", "{15FB018D-DE0E-4241-A90D-28CE6FA1DFC3}"
EndProject
Project("{2150E333-8FDC-42A3-9474-1A3956D46DE8}") = "Base", "Base", "{2DD276BF-8C18-40EE-A86F-1F54EC2C93AE}"
EndProject
Project("{9A19103F-16F7-4668-BE54-9A1E7A4F7556}") = "Base.Configuration", "Base\Base.Configuration\Base.Configuration.csproj", "{B7A96249-8FA9-45BF-9AC5-40869EC3EDF3}"
EndProject
Global
	GlobalSection(SolutionConfigurationPlatforms) = preSolution
		Debug|Any CPU = Debug|Any CPU
		Release|Any CPU = Release|Any CPU
	EndGlobalSection
	GlobalSection(ProjectConfigurationPlatforms) = postSolution
		{E3743858-1254-4C3A-B800-07F8C1A7D6B0}.Debug|Any CPU.ActiveCfg = Debug|Any CPU
		{E3743858-1254-4C3A-B800-07F8C1A7D6B0}.Debug|Any CPU.Build.0 = Debug|Any CPU
		{E3743858-1254-4C3A-B800-07F8C1A7D6B0}.Release|Any CPU.ActiveCfg = Release|Any CPU
		{E3743858-1254-4C3A-B800-07F8C1A7D6B0}.Release|Any CPU.Build.0 = Release|Any CPU
		{74160B9B-B9F3-4712-AB32-BF08C24A4CDF}.Debug|Any CPU.ActiveCfg = Debug|Any CPU
		{74160B9B-B9F3-4712-AB32-BF08C24A4CDF}.Debug|Any CPU.Build.0 = Debug|Any CPU
		{74160B9B-B9F3-4712-AB32-BF08C24A4CDF}.Release|Any CPU.ActiveCfg = Release|Any CPU
		{74160B9B-B9F3-4712-AB32-BF08C24A4CDF}.Release|Any CPU.Build.0 = Release|Any CPU
		{9E4A3F87-6A9D-4E3B-A270-CE9E81E5B510}.Debug|Any CPU.ActiveCfg = Debug|Any CPU
		{9E4A3F87-6A9D-4E3B-A270-CE9E81E5B510}.Debug|Any CPU.Build.0 = Debug|Any CPU
		{9E4A3F87-6A9D-4E3B-A270-CE9E81E5B510}.Release|Any CPU.ActiveCfg = Release|Any CPU
		{9E4A3F87-6A9D-4E3B-A270-CE9E81E5B510}.Release|Any CPU.Build.0 = Release|Any CPU
		{DDE1F9D5-52AB-4EE4-AC67-09EE78BA10CD}.Debug|Any CPU.ActiveCfg = Debug|Any CPU
		{DDE1F9D5-52AB-4EE4-AC67-09EE78BA10CD}.Debug|Any CPU.Build.0 = Debug|Any CPU
		{DDE1F9D5-52AB-4EE4-AC67-09EE78BA10CD}.Release|Any CPU.ActiveCfg = Release|Any CPU
		{DDE1F9D5-52AB-4EE4-AC67-09EE78BA10CD}.Release|Any CPU.Build.0 = Release|Any CPU
		{8725CE84-D3A5-4DC6-ABD3-7BCCA3E6F89B}.Debug|Any CPU.ActiveCfg = Debug|Any CPU
		{8725CE84-D3A5-4DC6-ABD3-7BCCA3E6F89B}.Debug|Any CPU.Build.0 = Debug|Any CPU
		{8725CE84-D3A5-4DC6-ABD3-7BCCA3E6F89B}.Release|Any CPU.ActiveCfg = Release|Any CPU
		{8725CE84-D3A5-4DC6-ABD3-7BCCA3E6F89B}.Release|Any CPU.Build.0 = Release|Any CPU
		{DB0D1DDB-299E-46AD-8D2A-9324679ECB03}.Debug|Any CPU.ActiveCfg = Debug|Any CPU
		{DB0D1DDB-299E-46AD-8D2A-9324679ECB03}.Debug|Any CPU.Build.0 = Debug|Any CPU
		{DB0D1DDB-299E-46AD-8D2A-9324679ECB03}.Release|Any CPU.ActiveCfg = Release|Any CPU
		{DB0D1DDB-299E-46AD-8D2A-9324679ECB03}.Release|Any CPU.Build.0 = Release|Any CPU
		{15FB018D-DE0E-4241-A90D-28CE6FA1DFC3}.Debug|Any CPU.ActiveCfg = Debug|Any CPU
		{15FB018D-DE0E-4241-A90D-28CE6FA1DFC3}.Debug|Any CPU.Build.0 = Debug|Any CPU
		{15FB018D-DE0E-4241-A90D-28CE6FA1DFC3}.Release|Any CPU.ActiveCfg = Release|Any CPU
		{15FB018D-DE0E-4241-A90D-28CE6FA1DFC3}.Release|Any CPU.Build.0 = Release|Any CPU
		{B7A96249-8FA9-45BF-9AC5-40869EC3EDF3}.Debug|Any CPU.ActiveCfg = Debug|Any CPU
		{B7A96249-8FA9-45BF-9AC5-40869EC3EDF3}.Debug|Any CPU.Build.0 = Debug|Any CPU
		{B7A96249-8FA9-45BF-9AC5-40869EC3EDF3}.Release|Any CPU.ActiveCfg = Release|Any CPU
		{B7A96249-8FA9-45BF-9AC5-40869EC3EDF3}.Release|Any CPU.Build.0 = Release|Any CPU
	EndGlobalSection
	GlobalSection(SolutionProperties) = preSolution
		HideSolutionNode = FALSE
	EndGlobalSection
	GlobalSection(NestedProjects) = preSolution
		{F386C376-B144-468B-BBAB-A651CDA14341} = {04542065-3A8C-402F-BA44-1AD973E76F43}
		{74160B9B-B9F3-4712-AB32-BF08C24A4CDF} = {A105EE23-D18A-4659-966C-2842008D2583}
		{9E4A3F87-6A9D-4E3B-A270-CE9E81E5B510} = {F386C376-B144-468B-BBAB-A651CDA14341}
		{DDE1F9D5-52AB-4EE4-AC67-09EE78BA10CD} = {04542065-3A8C-402F-BA44-1AD973E76F43}
		{8725CE84-D3A5-4DC6-ABD3-7BCCA3E6F89B} = {04542065-3A8C-402F-BA44-1AD973E76F43}
		{DB0D1DDB-299E-46AD-8D2A-9324679ECB03} = {04542065-3A8C-402F-BA44-1AD973E76F43}
		{15FB018D-DE0E-4241-A90D-28CE6FA1DFC3} = {8A40C80E-924C-4951-8046-A06ECADDD8D7}
		{B7A96249-8FA9-45BF-9AC5-40869EC3EDF3} = {2DD276BF-8C18-40EE-A86F-1F54EC2C93AE}
	EndGlobalSection
	GlobalSection(ExtensibilityGlobals) = postSolution
		SolutionGuid = {665BD488-2BA0-4DDA-AB5A-BA4C12574A89}
	EndGlobalSection
EndGlobal
