
Microsoft Visual Studio Solution File, Format Version 12.00
# Visual Studio Version 16
VisualStudioVersion = 16.0.29025.244
MinimumVisualStudioVersion = 10.0.40219.1
Project("{9A19103F-16F7-4668-BE54-9A1E7A4F7556}") = "Clients.Api", "Clients.Api\Clients.Api.csproj", "{BC1804CB-146C-4BB2-BE0F-AA2E4E3E3491}"
EndProject
Project("{9A19103F-16F7-4668-BE54-9A1E7A4F7556}") = "Service.Common", "Service.Common\Service.Common.csproj", "{FD3A4414-5596-4F0B-90DA-1A5183F06F31}"
EndProject
Project("{E53339B2-1760-4266-BCC7-CA923CBCF16C}") = "docker-compose", "docker-compose.dcproj", "{E3743858-1254-4C3A-B800-07F8C1A7D6B0}"
EndProject
Project("{9A19103F-16F7-4668-BE54-9A1E7A4F7556}") = "Games.Api", "Games.Api\Games.Api.csproj", "{30AF83BE-DC82-4642-8FE6-BCE1B0995FA8}"
EndProject
Project("{FAE04EC0-301F-11D3-BF4B-00C04F79EFBC}") = "Gateway.Api.Ocelot", "Gateway.Api.Ocelot\Gateway.Api.Ocelot.csproj", "{683F8842-D4B7-48F4-85A4-48490ADC7FC1}"
EndProject
Global
	GlobalSection(SolutionConfigurationPlatforms) = preSolution
		Debug|Any CPU = Debug|Any CPU
		Release|Any CPU = Release|Any CPU
	EndGlobalSection
	GlobalSection(ProjectConfigurationPlatforms) = postSolution
		{BC1804CB-146C-4BB2-BE0F-AA2E4E3E3491}.Debug|Any CPU.ActiveCfg = Debug|Any CPU
		{BC1804CB-146C-4BB2-BE0F-AA2E4E3E3491}.Debug|Any CPU.Build.0 = Debug|Any CPU
		{BC1804CB-146C-4BB2-BE0F-AA2E4E3E3491}.Release|Any CPU.ActiveCfg = Release|Any CPU
		{BC1804CB-146C-4BB2-BE0F-AA2E4E3E3491}.Release|Any CPU.Build.0 = Release|Any CPU
		{FD3A4414-5596-4F0B-90DA-1A5183F06F31}.Debug|Any CPU.ActiveCfg = Debug|Any CPU
		{FD3A4414-5596-4F0B-90DA-1A5183F06F31}.Debug|Any CPU.Build.0 = Debug|Any CPU
		{FD3A4414-5596-4F0B-90DA-1A5183F06F31}.Release|Any CPU.ActiveCfg = Release|Any CPU
		{FD3A4414-5596-4F0B-90DA-1A5183F06F31}.Release|Any CPU.Build.0 = Release|Any CPU
		{E3743858-1254-4C3A-B800-07F8C1A7D6B0}.Debug|Any CPU.ActiveCfg = Debug|Any CPU
		{E3743858-1254-4C3A-B800-07F8C1A7D6B0}.Debug|Any CPU.Build.0 = Debug|Any CPU
		{E3743858-1254-4C3A-B800-07F8C1A7D6B0}.Release|Any CPU.ActiveCfg = Release|Any CPU
		{E3743858-1254-4C3A-B800-07F8C1A7D6B0}.Release|Any CPU.Build.0 = Release|Any CPU
		{30AF83BE-DC82-4642-8FE6-BCE1B0995FA8}.Debug|Any CPU.ActiveCfg = Debug|Any CPU
		{30AF83BE-DC82-4642-8FE6-BCE1B0995FA8}.Debug|Any CPU.Build.0 = Debug|Any CPU
		{30AF83BE-DC82-4642-8FE6-BCE1B0995FA8}.Release|Any CPU.ActiveCfg = Release|Any CPU
		{30AF83BE-DC82-4642-8FE6-BCE1B0995FA8}.Release|Any CPU.Build.0 = Release|Any CPU
		{683F8842-D4B7-48F4-85A4-48490ADC7FC1}.Debug|Any CPU.ActiveCfg = Debug|Any CPU
		{683F8842-D4B7-48F4-85A4-48490ADC7FC1}.Debug|Any CPU.Build.0 = Debug|Any CPU
		{683F8842-D4B7-48F4-85A4-48490ADC7FC1}.Release|Any CPU.ActiveCfg = Release|Any CPU
		{683F8842-D4B7-48F4-85A4-48490ADC7FC1}.Release|Any CPU.Build.0 = Release|Any CPU
	EndGlobalSection
	GlobalSection(SolutionProperties) = preSolution
		HideSolutionNode = FALSE
	EndGlobalSection
	GlobalSection(ExtensibilityGlobals) = postSolution
		SolutionGuid = {665BD488-2BA0-4DDA-AB5A-BA4C12574A89}
	EndGlobalSection
EndGlobal
